
Microsoft Visual Studio Solution File, Format Version 12.00
# Visual Studio Version 16
VisualStudioVersion = 16.0.30523.141
MinimumVisualStudioVersion = 10.0.40219.1
Project("{FAE04EC0-301F-11D3-BF4B-00C04F79EFBC}") = "Coco", "Coco\Coco.csproj", "{7E390F12-041E-486B-8499-642280357817}"
EndProject
Global
	GlobalSection(SolutionConfigurationPlatforms) = preSolution
		Debug|Any CPU = Debug|Any CPU
		Release|Any CPU = Release|Any CPU
	EndGlobalSection
	GlobalSection(ProjectConfigurationPlatforms) = postSolution
		{7E390F12-041E-486B-8499-642280357817}.Debug|Any CPU.ActiveCfg = Debug|Any CPU
		{7E390F12-041E-486B-8499-642280357817}.Debug|Any CPU.Build.0 = Debug|Any CPU
		{7E390F12-041E-486B-8499-642280357817}.Release|Any CPU.ActiveCfg = Release|Any CPU
		{7E390F12-041E-486B-8499-642280357817}.Release|Any CPU.Build.0 = Release|Any CPU
	EndGlobalSection
	GlobalSection(SolutionProperties) = preSolution
		HideSolutionNode = FALSE
	EndGlobalSection
	GlobalSection(ExtensibilityGlobals) = postSolution
		SolutionGuid = {11082E31-E725-4A2C-8797-A016383B436D}
	EndGlobalSection
EndGlobal
